<?xml version="1.0" encoding="utf-8"?>
<Project ToolsVersion="4.0" xmlns:atg="http://atg.xbox.com" xmlns="http://schemas.microsoft.com/developer/msbuild/2003">
  <ItemGroup>
    <Filter Include="Resource Files">
      <UniqueIdentifier>{8e114980-c1a3-4ada-ad7c-83caadf5daeb}</UniqueIdentifier>
      <Extensions>rc;ico;cur;bmp;dlg;rc2;rct;bin;rgs;gif;jpg;jpeg;jpe</Extensions>
    </Filter>
    <Filter Include="DXUT">
      <UniqueIdentifier>{a43c5c25-0e86-4a20-b64a-883785ff74fd}</UniqueIdentifier>
    </Filter>
    <Filter Include="Shaders">
      <UniqueIdentifier>{2c3d4c8c-5d1a-459a-a05a-a4e4b608a44e}</UniqueIdentifier>
      <Extensions>fx;fxh;hlsl</Extensions>
    </Filter>
    <Filter Include="Include">
      <UniqueIdentifier>{28eaf4cf-9eb9-4715-baf2-14cc4564e05d}</UniqueIdentifier>
    </Filter>
    <Filter Include="Source">
      <UniqueIdentifier>{1409e15f-c6ad-4406-97cc-24241f5c7387}</UniqueIdentifier>
    </Filter>
    <Filter Include="Include\Patterns">
      <UniqueIdentifier>{68772c43-a244-44ca-aba2-19e657b02443}</UniqueIdentifier>
    </Filter>
    <Filter Include="Include\Utilities">
      <UniqueIdentifier>{6520f97e-2089-407c-b5f7-dc4f02cb8042}</UniqueIdentifier>
    </Filter>
    <Filter Include="Include\ECS">
      <UniqueIdentifier>{b332e468-3959-4b8a-9019-b78c35602784}</UniqueIdentifier>
    </Filter>
    <Filter Include="Include\Utilities\Memory">
      <UniqueIdentifier>{72c6a578-90dc-44b2-abc2-51e87a54ed06}</UniqueIdentifier>
    </Filter>
    <Filter Include="Include\Utilities\Vectors">
      <UniqueIdentifier>{59b2aee1-ca4d-4ed3-a02a-850d417bb436}</UniqueIdentifier>
    </Filter>
    <Filter Include="Source\ECS">
      <UniqueIdentifier>{be4aec1b-8287-4e61-876e-d79431cc9be6}</UniqueIdentifier>
    </Filter>
    <Filter Include="Imgui">
      <UniqueIdentifier>{983be280-4514-4b1e-8cc6-34749f97597b}</UniqueIdentifier>
    </Filter>
    <Filter Include="Imgui\Include">
      <UniqueIdentifier>{6d80b87b-f4f5-43ea-ad99-30b451efd8f7}</UniqueIdentifier>
    </Filter>
    <Filter Include="Imgui\Src">
      <UniqueIdentifier>{235837ac-ac5e-4885-b6be-26beef0d77d6}</UniqueIdentifier>
    </Filter>
    <Filter Include="Include\SceneGraph">
      <UniqueIdentifier>{55f092a7-4bf4-4098-9b0a-f28bd9c29ffd}</UniqueIdentifier>
    </Filter>
    <Filter Include="Source\SceneGraph">
      <UniqueIdentifier>{fa752b52-d196-4d06-9f51-f163bb81bf37}</UniqueIdentifier>
    </Filter>
  </ItemGroup>
  <ItemGroup>
    <ClCompile Include="PorygonEngine.cpp">
      <Filter>Source</Filter>
    </ClCompile>
    <ClCompile Include="source\Window.cpp">
      <Filter>Source</Filter>
    </ClCompile>
    <ClCompile Include="source\Device.cpp">
      <Filter>Source</Filter>
    </ClCompile>
    <ClCompile Include="source\DeviceContext.cpp">
      <Filter>Source</Filter>
    </ClCompile>
    <ClCompile Include="source\SwapChain.cpp">
      <Filter>Source</Filter>
    </ClCompile>
    <ClCompile Include="source\Texture.cpp">
      <Filter>Source</Filter>
    </ClCompile>
    <ClCompile Include="source\BaseApp.cpp">
      <Filter>Source</Filter>
    </ClCompile>
    <ClCompile Include="source\Buffer.cpp">
      <Filter>Source</Filter>
    </ClCompile>
    <ClCompile Include="source\DepthStencilView.cpp">
      <Filter>Source</Filter>
    </ClCompile>
    <ClCompile Include="source\InputLayout.cpp">
      <Filter>Source</Filter>
    </ClCompile>
    <ClCompile Include="source\RenderTargetView.cpp">
      <Filter>Source</Filter>
    </ClCompile>
    <ClCompile Include="source\SamplerState.cpp">
      <Filter>Source</Filter>
    </ClCompile>
    <ClCompile Include="source\ShaderProgram.cpp">
      <Filter>Source</Filter>
    </ClCompile>
    <ClCompile Include="source\Viewport.cpp">
      <Filter>Source</Filter>
    </ClCompile>
    <ClCompile Include="source\Model3D.cpp">
      <Filter>Source</Filter>
    </ClCompile>
    <ClCompile Include="include\ResourceManager.h">
      <Filter>Include\Utilities</Filter>
    </ClCompile>
    <ClCompile Include="include\ECS\Entity.h">
      <Filter>Include\ECS</Filter>
    </ClCompile>
    <ClCompile Include="source\ECS\Actor.cpp">
      <Filter>Source\ECS</Filter>
    </ClCompile>
    <ClCompile Include="source\GUI\GUI.cpp">
      <Filter>Source</Filter>
    </ClCompile>
    <ClCompile Include="Imgui\imgui-docking-znly-docking\imgui.cpp">
      <Filter>Imgui\Src</Filter>
    </ClCompile>
    <ClCompile Include="Imgui\imgui-docking-znly-docking\imgui_draw.cpp">
      <Filter>Imgui\Src</Filter>
    </ClCompile>
    <ClCompile Include="Imgui\imgui-docking-znly-docking\imgui_tables.cpp">
      <Filter>Imgui\Src</Filter>
    </ClCompile>
    <ClCompile Include="Imgui\imgui-docking-znly-docking\imgui_widgets.cpp">
      <Filter>Imgui\Src</Filter>
    </ClCompile>
    <ClCompile Include="Imgui\imgui-docking-znly-docking\backends\imgui_impl_dx11.cpp">
      <Filter>Imgui\Src</Filter>
    </ClCompile>
    <ClCompile Include="Imgui\imgui-docking-znly-docking\backends\imgui_impl_win32.cpp">
      <Filter>Imgui\Src</Filter>
    </ClCompile>
    <ClCompile Include="Imgui\imgui-docking-znly-docking\imgui_demo.cpp">
      <Filter>Imgui\Src</Filter>
    </ClCompile>
    <ClCompile Include="Imgui\ImGuizmo\ImGuizmo.cpp">
      <Filter>Imgui\Src</Filter>
    </ClCompile>
    <ClCompile Include="source\SceneGraph\SceneGraph.cpp">
      <Filter>Source\SceneGraph</Filter>
    </ClCompile>
    <ClCompile Include="source\Camera.cpp">
      <Filter>Source</Filter>
    </ClCompile>
    <ClCompile Include="include\DepthStencilState.cpp">
      <Filter>Source</Filter>
    </ClCompile>
    <ClCompile Include="include\RasterizerState.cpp">
      <Filter>Source</Filter>
    </ClCompile>
    <ClCompile Include="include\Skybox.cpp">
      <Filter>Source</Filter>
    </ClCompile>
    <ClCompile Include="include\EngineUtilities\Utilities\EditorViewportPass.h">
      <Filter>Include\Utilities</Filter>
    </ClCompile>
    <ClCompile Include="source\EditorViewportPass.cpp">
      <Filter>Source</Filter>
    </ClCompile>
  </ItemGroup>
  <ItemGroup>
    <CLInclude Include="resource.h">
      <Filter>Resource Files</Filter>
    </CLInclude>
    <ResourceCompile Include="PorygonEngine.rc">
      <Filter>Resource Files</Filter>
    </ResourceCompile>
    <ClInclude Include="Include\Window.h">
      <Filter>Include</Filter>
    </ClInclude>
    <ClInclude Include="include\Resource.h">
      <Filter>Include</Filter>
    </ClInclude>
    <ClInclude Include="include\Device.h">
      <Filter>Include</Filter>
    </ClInclude>
    <ClInclude Include="include\DeviceContext.h">
      <Filter>Include</Filter>
    </ClInclude>
    <ClInclude Include="include\SwapChain.h">
      <Filter>Include</Filter>
    </ClInclude>
    <ClInclude Include="include\Texture.h">
      <Filter>Include</Filter>
    </ClInclude>
    <ClInclude Include="include\RenderTargetView.h">
      <Filter>Include</Filter>
    </ClInclude>
    <ClInclude Include="include\BaseApp.h">
      <Filter>Include</Filter>
    </ClInclude>
    <ClInclude Include="include\Buffer.h">
      <Filter>Include</Filter>
    </ClInclude>
    <ClInclude Include="include\DepthStencilView.h">
      <Filter>Include</Filter>
    </ClInclude>
    <ClInclude Include="include\InputLayout.h">
      <Filter>Include</Filter>
    </ClInclude>
    <ClInclude Include="include\SamplerState.h">
      <Filter>Include</Filter>
    </ClInclude>
    <ClInclude Include="include\ShaderProgram.h">
      <Filter>Include</Filter>
    </ClInclude>
    <ClInclude Include="include\Viewport.h">
      <Filter>Include</Filter>
    </ClInclude>
    <ClInclude Include="include\IResource.h">
      <Filter>Include\Patterns</Filter>
    </ClInclude>
    <ClInclude Include="include\ECS\Component.h">
      <Filter>Include\ECS</Filter>
    </ClInclude>
    <ClInclude Include="Include\Prerequisites.h">
      <Filter>Include\Utilities</Filter>
    </ClInclude>
    <ClInclude Include="include\MeshComponent.h">
      <Filter>Include\Utilities</Filter>
    </ClInclude>
    <ClInclude Include="include\Model3D.h">
      <Filter>Include\Utilities</Filter>
    </ClInclude>
    <ClInclude Include="include\stb_image.h">
      <Filter>Include\Utilities</Filter>
    </ClInclude>
    <ClInclude Include="include\EngineUtilities\Utilities\EngineMath.h">
      <Filter>Include\Utilities</Filter>
    </ClInclude>
    <ClInclude Include="include\EngineUtilities\Memory\TSharedPointer.h">
      <Filter>Include\Utilities\Memory</Filter>
    </ClInclude>
    <ClInclude Include="include\EngineUtilities\Memory\TStaticPtr.h">
      <Filter>Include\Utilities\Memory</Filter>
    </ClInclude>
    <ClInclude Include="include\EngineUtilities\Memory\TUniquePtr.h">
      <Filter>Include\Utilities\Memory</Filter>
    </ClInclude>
    <ClInclude Include="include\EngineUtilities\Memory\TWeakPointer.h">
      <Filter>Include\Utilities\Memory</Filter>
    </ClInclude>
    <ClInclude Include="include\EngineUtilities\Vectors\Vector2.h">
      <Filter>Include\Utilities\Vectors</Filter>
    </ClInclude>
    <ClInclude Include="include\EngineUtilities\Vectors\Vector3.h">
      <Filter>Include\Utilities\Vectors</Filter>
    </ClInclude>
    <ClInclude Include="include\EngineUtilities\Vectors\Vector4.h">
      <Filter>Include\Utilities\Vectors</Filter>
    </ClInclude>
    <ClInclude Include="include\ECS\Actor.h">
      <Filter>Include\ECS</Filter>
    </ClInclude>
    <ClInclude Include="include\ECS\Transform.h">
      <Filter>Include\ECS</Filter>
    </ClInclude>
    <ClInclude Include="include\EngineUtilities\GUI\GUI.h">
      <Filter>Include\Utilities</Filter>
    </ClInclude>
    <ClInclude Include="Imgui\ImGuizmo\ImGuizmo.h">
      <Filter>Imgui\Include</Filter>
    </ClInclude>
    <ClInclude Include="Imgui\imgui-docking-znly-docking\imconfig.h">
      <Filter>Imgui\Include</Filter>
    </ClInclude>
    <ClInclude Include="Imgui\imgui-docking-znly-docking\imgui.h">
      <Filter>Imgui\Include</Filter>
    </ClInclude>
    <ClInclude Include="Imgui\imgui-docking-znly-docking\imgui_internal.h">
      <Filter>Imgui\Include</Filter>
    </ClInclude>
    <ClInclude Include="Imgui\imgui-docking-znly-docking\imstb_textedit.h">
      <Filter>Imgui\Include</Filter>
    </ClInclude>
    <ClInclude Include="Imgui\imgui-docking-znly-docking\imstb_truetype.h">
      <Filter>Imgui\Include</Filter>
    </ClInclude>
    <ClInclude Include="Imgui\imgui-docking-znly-docking\imstb_rectpack.h">
      <Filter>Imgui\Include</Filter>
    </ClInclude>
    <ClInclude Include="Imgui\imgui-docking-znly-docking\backends\imgui_impl_dx11.h">
      <Filter>Imgui\Src</Filter>
    </ClInclude>
    <ClInclude Include="Imgui\imgui-docking-znly-docking\backends\imgui_impl_win32.h">
      <Filter>Imgui\Src</Filter>
    </ClInclude>
    <ClInclude Include="include\SceneGraph\HierarchyComponent.h">
      <Filter>Include\SceneGraph</Filter>
    </ClInclude>
    <ClInclude Include="include\SceneGraph\SceneGraph.h">
      <Filter>Include\SceneGraph</Filter>
    </ClInclude>
    <ClInclude Include="include\EngineUtilities\Utilities\Camera.h">
      <Filter>Include\Utilities</Filter>
    </ClInclude>
    <ClInclude Include="include\EngineUtilities\Utilities\Skybox.h">
      <Filter>Include\Utilities</Filter>
    </ClInclude>
    <ClInclude Include="include\DepthStencilState.h">
      <Filter>Include</Filter>
    </ClInclude>
    <ClInclude Include="include\RasterizerState.h">
      <Filter>Include</Filter>
    </ClInclude>
    <ClInclude Include="include\EngineUtilities\Utilities\LayoutBuilder.h">
      <Filter>Include\Utilities</Filter>
    </ClInclude>
  </ItemGroup>
  <ItemGroup>
    <None Include="bin\x64\PorygonEngine.fx">
      <Filter>Shaders</Filter>
    </None>
  </ItemGroup>
</Project>